
Microsoft Visual Studio Solution File, Format Version 12.00
# Visual Studio 14
VisualStudioVersion = 14.0.23107.0
MinimumVisualStudioVersion = 10.0.40219.1
Project("{FAE04EC0-301F-11D3-BF4B-00C04F79EFBC}") = "KeyListener", "KeyListener\KeyListener.csproj", "{5B21C8A1-B57E-457A-BF39-032A3D5A0BB9}"
EndProject
Project("{FAE04EC0-301F-11D3-BF4B-00C04F79EFBC}") = "WpfDemo", "WpfDemo\WpfDemo.csproj", "{CF331956-5A5B-4F43-B9FD-C4900F71136B}"
EndProject
Project("{FAE04EC0-301F-11D3-BF4B-00C04F79EFBC}") = "WinFormDemo", "WinFormDemo\WinFormDemo.csproj", "{0EDBA4E7-6C66-4508-9924-B91BDD355176}"
EndProject
Global
	GlobalSection(SolutionConfigurationPlatforms) = preSolution
		Debug|Any CPU = Debug|Any CPU
		Release|Any CPU = Release|Any CPU
	EndGlobalSection
	GlobalSection(ProjectConfigurationPlatforms) = postSolution
		{5B21C8A1-B57E-457A-BF39-032A3D5A0BB9}.Debug|Any CPU.ActiveCfg = Debug|Any CPU
		{5B21C8A1-B57E-457A-BF39-032A3D5A0BB9}.Debug|Any CPU.Build.0 = Debug|Any CPU
		{5B21C8A1-B57E-457A-BF39-032A3D5A0BB9}.Release|Any CPU.ActiveCfg = Release|Any CPU
		{5B21C8A1-B57E-457A-BF39-032A3D5A0BB9}.Release|Any CPU.Build.0 = Release|Any CPU
		{CF331956-5A5B-4F43-B9FD-C4900F71136B}.Debug|Any CPU.ActiveCfg = Debug|Any CPU
		{CF331956-5A5B-4F43-B9FD-C4900F71136B}.Debug|Any CPU.Build.0 = Debug|Any CPU
		{CF331956-5A5B-4F43-B9FD-C4900F71136B}.Release|Any CPU.ActiveCfg = Release|Any CPU
		{CF331956-5A5B-4F43-B9FD-C4900F71136B}.Release|Any CPU.Build.0 = Release|Any CPU
		{0EDBA4E7-6C66-4508-9924-B91BDD355176}.Debug|Any CPU.ActiveCfg = Debug|Any CPU
		{0EDBA4E7-6C66-4508-9924-B91BDD355176}.Debug|Any CPU.Build.0 = Debug|Any CPU
		{0EDBA4E7-6C66-4508-9924-B91BDD355176}.Release|Any CPU.ActiveCfg = Release|Any CPU
		{0EDBA4E7-6C66-4508-9924-B91BDD355176}.Release|Any CPU.Build.0 = Release|Any CPU
	EndGlobalSection
	GlobalSection(SolutionProperties) = preSolution
		HideSolutionNode = FALSE
	EndGlobalSection
EndGlobal
